
Microsoft Visual Studio Solution File, Format Version 12.00
# Visual Studio 15
VisualStudioVersion = 15.0.28010.2026
MinimumVisualStudioVersion = 10.0.40219.1
Project("{FAE04EC0-301F-11D3-BF4B-00C04F79EFBC}") = "InterfaceProgramm", "InterfaceProgramm\InterfaceProgramm.csproj", "{B3F81202-C79C-41DF-9517-A18E085A2D20}"
EndProject
Global
	GlobalSection(SolutionConfigurationPlatforms) = preSolution
		Debug|Any CPU = Debug|Any CPU
		Release|Any CPU = Release|Any CPU
	EndGlobalSection
	GlobalSection(ProjectConfigurationPlatforms) = postSolution
		{B3F81202-C79C-41DF-9517-A18E085A2D20}.Debug|Any CPU.ActiveCfg = Debug|Any CPU
		{B3F81202-C79C-41DF-9517-A18E085A2D20}.Debug|Any CPU.Build.0 = Debug|Any CPU
		{B3F81202-C79C-41DF-9517-A18E085A2D20}.Release|Any CPU.ActiveCfg = Release|Any CPU
		{B3F81202-C79C-41DF-9517-A18E085A2D20}.Release|Any CPU.Build.0 = Release|Any CPU
	EndGlobalSection
	GlobalSection(SolutionProperties) = preSolution
		HideSolutionNode = FALSE
	EndGlobalSection
	GlobalSection(ExtensibilityGlobals) = postSolution
		SolutionGuid = {BE8F0C78-2EE5-4E7A-B230-42EFCB96DFDE}
	EndGlobalSection
EndGlobal
